{
	"name": "AwesomeProject",
	"version": "0.0.1",
	"lockfileVersion": 1,
	"requires": true,
	"dependencies": {
		"claygl": {
			"version": "1.2.0",
			"resolved": "https://registry.npmjs.org/claygl/-/claygl-1.2.0.tgz",
			"integrity": "sha512-dm5512k4YNcWWMeroaPyrOI7yK9cjQZBF8wqAGRI7eXRyVlnJYvkCXhft1CMlkzna+DkbTQnKVXXiWerX+BwrA=="
		},
		"echarts": {
			"version": "4.0.4",
			"resolved": "https://registry.npmjs.org/echarts/-/echarts-4.0.4.tgz",
			"integrity": "sha512-PDWGchRwBvMcNJbg94/thIIDgD8Jw2APtbK6K9rq1X8h6rQIdQ3IFTEvRwGS9U0zsUgJQQwXFLXIw+RJ/EH3fw==",
			"requires": {
				"zrender": "4.0.3"
			}
		},
		"echarts-gl": {
			"version": "1.1.0",
			"resolved": "https://registry.npmjs.org/echarts-gl/-/echarts-gl-1.1.0.tgz",
			"integrity": "sha512-zbGq09XbOfqLsrMKmXhQnUn2Wvmd9eOiA0K/eyQqIqyu3GzKpmdVLZydUgIr+CHi1PEJ0Lwh3cRHA18MSbI7IQ==",
			"requires": {
				"claygl": "1.2.0",
				"zrender": "4.0.3"
			}
		},
		"zrender": {
			"version": "4.0.3",
			"resolved": "https://registry.npmjs.org/zrender/-/zrender-4.0.3.tgz",
			"integrity": "sha512-LdkntRaNogzKAwlICuS0wdZcYaeA94llQ0SWqsgbcd6SPasgkjstaoe6vr5P9Pd2ID/rlhf3UrmIuFzqOLdDuA=="
		}
	}
}
